{
  "object": {
    "pins": [
      {
        "package": "ShellOut",
        "repositoryURL": "https://github.com/JohnSundell/ShellOut.git",
        "state": {
          "branch": null,
          "revision": "e1577acf2b6e90086d01a6d5e2b8efdaae033568",
          "version": "2.3.0"
        }
      },
      {
        "package": "SwiftyCM",
        "repositoryURL": "https://github.com/FreeApp2014/SwiftyCM.git",
        "state": {
          "branch": null,
          "revision": "546915e3cbc3cbb85d78059af45fc4c331dcd5a9",
          "version": "2.0.0-beta.6"
        }
      },
      {
        "package": "SwiftyJSON",
        "repositoryURL": "https://github.com/FreeApp2014/SwiftyJSON",
        "state": {
          "branch": null,
          "revision": "c796902a0496dc2808d21314a96f06e32844ee30",
          "version": "17.0.7"
        }
      },
      {
        "package": "TelegramBotSDK",
        "repositoryURL": "https://github.com/zmeyc/telegram-bot-swift.git",
        "state": {
          "branch": null,
          "revision": "9f8cfea4dcce1d984c76e0a6732e3d836cd30671",
          "version": "1.2.7"
        }
      }
    ]
  },
  "version": 1
}
